
Microsoft Visual Studio Solution File, Format Version 12.00
# Visual Studio Version 16
VisualStudioVersion = 16.0.30907.101
MinimumVisualStudioVersion = 10.0.40219.1
Project("{FAE04EC0-301F-11D3-BF4B-00C04F79EFBC}") = "Dictonary", "Dictonary\Dictonary.csproj", "{1B0EFC59-505A-4E04-BBC5-61C2D318A2B5}"
EndProject
Global
	GlobalSection(SolutionConfigurationPlatforms) = preSolution
		Debug|Any CPU = Debug|Any CPU
		Release|Any CPU = Release|Any CPU
	EndGlobalSection
	GlobalSection(ProjectConfigurationPlatforms) = postSolution
		{1B0EFC59-505A-4E04-BBC5-61C2D318A2B5}.Debug|Any CPU.ActiveCfg = Debug|Any CPU
		{1B0EFC59-505A-4E04-BBC5-61C2D318A2B5}.Debug|Any CPU.Build.0 = Debug|Any CPU
		{1B0EFC59-505A-4E04-BBC5-61C2D318A2B5}.Release|Any CPU.ActiveCfg = Release|Any CPU
		{1B0EFC59-505A-4E04-BBC5-61C2D318A2B5}.Release|Any CPU.Build.0 = Release|Any CPU
	EndGlobalSection
	GlobalSection(SolutionProperties) = preSolution
		HideSolutionNode = FALSE
	EndGlobalSection
	GlobalSection(ExtensibilityGlobals) = postSolution
		SolutionGuid = {1626E579-E534-4209-B32C-CCEAE203DF91}
	EndGlobalSection
EndGlobal
